
Microsoft Visual Studio Solution File, Format Version 12.00
# Visual Studio 15
VisualStudioVersion = 15.0.26020.0
MinimumVisualStudioVersion = 10.0.40219.1
Project("{FAE04EC0-301F-11D3-BF4B-00C04F79EFBC}") = "Nest.Linq", "Nest.Linq\Nest.Linq.csproj", "{F5934DA8-6E56-40AC-8D11-87BF96FD6B6D}"
EndProject
Project("{FAE04EC0-301F-11D3-BF4B-00C04F79EFBC}") = "Nest.Linq.Test", "..\test\Nest.Linq.Test\Nest.Linq.Test.csproj", "{3FFC6387-8DA1-43BA-B9D9-63D6555E2897}"
EndProject
Global
	GlobalSection(SolutionConfigurationPlatforms) = preSolution
		Debug|Any CPU = Debug|Any CPU
		Release|Any CPU = Release|Any CPU
	EndGlobalSection
	GlobalSection(ProjectConfigurationPlatforms) = postSolution
		{F5934DA8-6E56-40AC-8D11-87BF96FD6B6D}.Debug|Any CPU.ActiveCfg = Debug|Any CPU
		{F5934DA8-6E56-40AC-8D11-87BF96FD6B6D}.Debug|Any CPU.Build.0 = Debug|Any CPU
		{F5934DA8-6E56-40AC-8D11-87BF96FD6B6D}.Release|Any CPU.ActiveCfg = Release|Any CPU
		{F5934DA8-6E56-40AC-8D11-87BF96FD6B6D}.Release|Any CPU.Build.0 = Release|Any CPU
		{3FFC6387-8DA1-43BA-B9D9-63D6555E2897}.Debug|Any CPU.ActiveCfg = Debug|Any CPU
		{3FFC6387-8DA1-43BA-B9D9-63D6555E2897}.Debug|Any CPU.Build.0 = Debug|Any CPU
		{3FFC6387-8DA1-43BA-B9D9-63D6555E2897}.Release|Any CPU.ActiveCfg = Release|Any CPU
		{3FFC6387-8DA1-43BA-B9D9-63D6555E2897}.Release|Any CPU.Build.0 = Release|Any CPU
	EndGlobalSection
	GlobalSection(SolutionProperties) = preSolution
		HideSolutionNode = FALSE
	EndGlobalSection
EndGlobal
